<?xml version="1.0" encoding="utf-8"?>
<Project ToolsVersion="4.0" xmlns="http://schemas.microsoft.com/developer/msbuild/2003">
  <ItemGroup>
    <Filter Include="Nest">
      <UniqueIdentifier>{FF91897C-EBC8-8A0D-94B5-701080CB060F}</UniqueIdentifier>
    </Filter>
    <Filter Include="platform">
      <UniqueIdentifier>{4A63C33C-3630-1E48-5F49-0CF04B7553D6}</UniqueIdentifier>
    </Filter>
    <Filter Include="platform\Windows">
      <UniqueIdentifier>{84B77CA1-70B0-9BF3-99E2-8078853A7BFF}</UniqueIdentifier>
    </Filter>
  </ItemGroup>
  <ItemGroup>
    <ClInclude Include="src\Nest.h" />
    <ClInclude Include="src\Nest\Application.h">
      <Filter>Nest</Filter>
    </ClInclude>
    <ClInclude Include="src\Nest\Core.h">
      <Filter>Nest</Filter>
    </ClInclude>
    <ClInclude Include="src\Nest\EntryPoint.h">
      <Filter>Nest</Filter>
    </ClInclude>
    <ClInclude Include="src\Nest\Window.h">
      <Filter>Nest</Filter>
    </ClInclude>
    <ClInclude Include="src\platform\Windows\WindowsWindow.h">
      <Filter>platform\Windows</Filter>
    </ClInclude>
  </ItemGroup>
  <ItemGroup>
    <ClCompile Include="src\Nest\Application.cpp">
      <Filter>Nest</Filter>
    </ClCompile>
  </ItemGroup>
</Project>